
Microsoft Visual Studio Solution File, Format Version 12.00
# Visual Studio 15
VisualStudioVersion = 15.0.26730.8
MinimumVisualStudioVersion = 10.0.40219.1
Project("{9A19103F-16F7-4668-BE54-9A1E7A4F7556}") = "CroweHorwath", "CroweHorwath\CroweHorwath.csproj", "{5872A6C4-C481-45B1-8D27-14A4546C4C66}"
EndProject
Project("{FAE04EC0-301F-11D3-BF4B-00C04F79EFBC}") = "ConsoleApp", "ConsoleApp\ConsoleApp.csproj", "{6065E395-5AF7-4CF1-B20D-3C72393CC92A}"
EndProject
Project("{FAE04EC0-301F-11D3-BF4B-00C04F79EFBC}") = "Web", "Web\Web.csproj", "{59F7589D-73A8-48C3-B349-E39B2D740596}"
EndProject
Project("{FAE04EC0-301F-11D3-BF4B-00C04F79EFBC}") = "Test", "Test\Test.csproj", "{C9006E47-4CEE-40D0-89BC-2C38EDACF673}"
EndProject
Global
	GlobalSection(SolutionConfigurationPlatforms) = preSolution
		Debug|Any CPU = Debug|Any CPU
		Release|Any CPU = Release|Any CPU
	EndGlobalSection
	GlobalSection(ProjectConfigurationPlatforms) = postSolution
		{5872A6C4-C481-45B1-8D27-14A4546C4C66}.Debug|Any CPU.ActiveCfg = Debug|Any CPU
		{5872A6C4-C481-45B1-8D27-14A4546C4C66}.Debug|Any CPU.Build.0 = Debug|Any CPU
		{5872A6C4-C481-45B1-8D27-14A4546C4C66}.Release|Any CPU.ActiveCfg = Release|Any CPU
		{5872A6C4-C481-45B1-8D27-14A4546C4C66}.Release|Any CPU.Build.0 = Release|Any CPU
		{6065E395-5AF7-4CF1-B20D-3C72393CC92A}.Debug|Any CPU.ActiveCfg = Debug|Any CPU
		{6065E395-5AF7-4CF1-B20D-3C72393CC92A}.Debug|Any CPU.Build.0 = Debug|Any CPU
		{6065E395-5AF7-4CF1-B20D-3C72393CC92A}.Release|Any CPU.ActiveCfg = Release|Any CPU
		{6065E395-5AF7-4CF1-B20D-3C72393CC92A}.Release|Any CPU.Build.0 = Release|Any CPU
		{59F7589D-73A8-48C3-B349-E39B2D740596}.Debug|Any CPU.ActiveCfg = Debug|Any CPU
		{59F7589D-73A8-48C3-B349-E39B2D740596}.Debug|Any CPU.Build.0 = Debug|Any CPU
		{59F7589D-73A8-48C3-B349-E39B2D740596}.Release|Any CPU.ActiveCfg = Release|Any CPU
		{59F7589D-73A8-48C3-B349-E39B2D740596}.Release|Any CPU.Build.0 = Release|Any CPU
		{C9006E47-4CEE-40D0-89BC-2C38EDACF673}.Debug|Any CPU.ActiveCfg = Debug|Any CPU
		{C9006E47-4CEE-40D0-89BC-2C38EDACF673}.Debug|Any CPU.Build.0 = Debug|Any CPU
		{C9006E47-4CEE-40D0-89BC-2C38EDACF673}.Release|Any CPU.ActiveCfg = Release|Any CPU
		{C9006E47-4CEE-40D0-89BC-2C38EDACF673}.Release|Any CPU.Build.0 = Release|Any CPU
	EndGlobalSection
	GlobalSection(SolutionProperties) = preSolution
		HideSolutionNode = FALSE
	EndGlobalSection
	GlobalSection(ExtensibilityGlobals) = postSolution
		SolutionGuid = {B11363CA-E3B8-41B8-AC4B-D4DA701041A3}
	EndGlobalSection
EndGlobal
